{
  "version": "5",
  "specifiers": {
    "npm:@ai-sdk/google@*": "3.0.6_zod@4.3.5",
    "npm:@ai-sdk/google@^3.0.6": "3.0.6_zod@4.3.5",
    "npm:ai@*": "6.0.20_zod@4.3.5",
    "npm:ai@^6.0.20": "6.0.20_zod@4.3.5"
  },
  "npm": {
    "@ai-sdk/gateway@3.0.10_zod@4.3.5": {
      "integrity": "sha512-sRlPMKd38+fdp2y11USW44c0o8tsIsT6T/pgyY04VXC3URjIRnkxugxd9AkU2ogfpPDMz50cBAGPnMxj+6663Q==",
      "dependencies": [
        "@ai-sdk/provider",
        "@ai-sdk/provider-utils",
        "@vercel/oidc",
        "zod"
      ]
    },
    "@ai-sdk/google@3.0.6_zod@4.3.5": {
      "integrity": "sha512-Nr7E+ouWd/bKO9SFlgLnJJ1+fiGHC07KAeFr08faT+lvkECWlxVox3aL0dec8uCgBDUghYbq7f4S5teUrCc+QQ==",
      "dependencies": [
        "@ai-sdk/provider",
        "@ai-sdk/provider-utils",
        "zod"
      ]
    },
    "@ai-sdk/provider-utils@4.0.4_zod@4.3.5": {
      "integrity": "sha512-VxhX0B/dWGbpNHxrKCWUAJKXIXV015J4e7qYjdIU9lLWeptk0KMLGcqkB4wFxff5Njqur8dt8wRi1MN9lZtDqg==",
      "dependencies": [
        "@ai-sdk/provider",
        "@standard-schema/spec",
        "eventsource-parser",
        "zod"
      ]
    },
    "@ai-sdk/provider@3.0.2": {
      "integrity": "sha512-HrEmNt/BH/hkQ7zpi2o6N3k1ZR1QTb7z85WYhYygiTxOQuaml4CMtHCWRbric5WPU+RNsYI7r1EpyVQMKO1pYw==",
      "dependencies": [
        "json-schema"
      ]
    },
    "@opentelemetry/api@1.9.0": {
      "integrity": "sha512-3giAOQvZiH5F9bMlMiv8+GSPMeqg0dbaeo58/0SlA9sxSqZhnUtxzX9/2FzyhS9sWQf5S0GJE0AKBrFqjpeYcg=="
    },
    "@standard-schema/spec@1.1.0": {
      "integrity": "sha512-l2aFy5jALhniG5HgqrD6jXLi/rUWrKvqN/qJx6yoJsgKhblVd+iqqU4RCXavm/jPityDo5TCvKMnpjKnOriy0w=="
    },
    "@vercel/oidc@3.1.0": {
      "integrity": "sha512-Fw28YZpRnA3cAHHDlkt7xQHiJ0fcL+NRcIqsocZQUSmbzeIKRpwttJjik5ZGanXP+vlA4SbTg+AbA3bP363l+w=="
    },
    "ai@6.0.20_zod@4.3.5": {
      "integrity": "sha512-1KaQkSJoVHaAKFBKpKGAMduNTI0OAG/RQssoUIHKNOXhdVroQVhOzdVY+wiW8BNQusODMBMSgsxnyveuy3AX0A==",
      "dependencies": [
        "@ai-sdk/gateway",
        "@ai-sdk/provider",
        "@ai-sdk/provider-utils",
        "@opentelemetry/api",
        "zod"
      ]
    },
    "eventsource-parser@3.0.6": {
      "integrity": "sha512-Vo1ab+QXPzZ4tCa8SwIHJFaSzy4R6SHf7BY79rFBDf0idraZWAkYrDjDj8uWaSm3S2TK+hJ7/t1CEmZ7jXw+pg=="
    },
    "json-schema@0.4.0": {
      "integrity": "sha512-es94M3nTIfsEPisRafak+HDLfHXnKBhV3vU5eqPcS3flIWqcxJWgXHXiey3YrpaNsanY5ei1VoYEbOzijuq9BA=="
    },
    "zod@4.3.5": {
      "integrity": "sha512-k7Nwx6vuWx1IJ9Bjuf4Zt1PEllcwe7cls3VNzm4CQ1/hgtFUK2bRNG3rvnpPUhFjmqJKAKtjV576KnUkHocg/g=="
    }
  },
  "workspace": {
    "dependencies": [
      "npm:@ai-sdk/google@^3.0.6",
      "npm:ai@^6.0.20"
    ]
  }
}
